
Microsoft Visual Studio Solution File, Format Version 12.00
# Visual Studio Version 16
VisualStudioVersion = 16.0.30114.105
MinimumVisualStudioVersion = 10.0.40219.1
Project("{FAE04EC0-301F-11D3-BF4B-00C04F79EFBC}") = "LikedVideoLister", "LikedVideoLister\LikedVideoLister.csproj", "{5EE54EEA-B098-447C-A74E-9746AB0E3770}"
EndProject
Project("{FAE04EC0-301F-11D3-BF4B-00C04F79EFBC}") = "TestApp", "TestApp\TestApp.csproj", "{487191C9-1974-495D-B7FC-DB013A19B946}"
EndProject
Global
	GlobalSection(SolutionConfigurationPlatforms) = preSolution
		Debug|Any CPU = Debug|Any CPU
		Release|Any CPU = Release|Any CPU
	EndGlobalSection
	GlobalSection(SolutionProperties) = preSolution
		HideSolutionNode = FALSE
	EndGlobalSection
	GlobalSection(ProjectConfigurationPlatforms) = postSolution
		{5EE54EEA-B098-447C-A74E-9746AB0E3770}.Debug|Any CPU.ActiveCfg = Debug|Any CPU
		{5EE54EEA-B098-447C-A74E-9746AB0E3770}.Debug|Any CPU.Build.0 = Debug|Any CPU
		{5EE54EEA-B098-447C-A74E-9746AB0E3770}.Release|Any CPU.ActiveCfg = Release|Any CPU
		{5EE54EEA-B098-447C-A74E-9746AB0E3770}.Release|Any CPU.Build.0 = Release|Any CPU
		{487191C9-1974-495D-B7FC-DB013A19B946}.Debug|Any CPU.ActiveCfg = Debug|Any CPU
		{487191C9-1974-495D-B7FC-DB013A19B946}.Debug|Any CPU.Build.0 = Debug|Any CPU
		{487191C9-1974-495D-B7FC-DB013A19B946}.Release|Any CPU.ActiveCfg = Release|Any CPU
		{487191C9-1974-495D-B7FC-DB013A19B946}.Release|Any CPU.Build.0 = Release|Any CPU
	EndGlobalSection
EndGlobal
