Microsoft Visual Studio Solution File, Format Version 12.00
# Visual Studio Version 17
VisualStudioVersion = 17.0.31912.275
MinimumVisualStudioVersion = 10.0.40219.1
Project("{9A19103F-16F7-4668-BE54-9A1E7A4F7556}") = "TestGUI", "TestGUI\TestGUI.csproj", "{895F601E-96BC-4B2D-A3A9-A5B0EAA8953B}"
EndProject
Project("{9A19103F-16F7-4668-BE54-9A1E7A4F7556}") = "VideoListerLibrary.Coverlet.MSBuild", "VideoListerLibrary.Coverlet.MSBuild\VideoListerLibrary.Coverlet.MSBuild.csproj", "{2C4B172A-B234-468A-9118-22AF32E0AC52}"
EndProject
Project("{9A19103F-16F7-4668-BE54-9A1E7A4F7556}") = "VideoListerLibrary", "VideoListerLibrary\VideoListerLibrary.csproj", "{97D205DC-01C8-4F6A-8D05-8F8A39FB85B1}"
EndProject
Project("{FAE04EC0-301F-11D3-BF4B-00C04F79EFBC}") = "VideoListerLibrary.Coverlet.Collector", "VideoListerLibrary.Coverlet.Collector\VideoListerLibrary.Coverlet.Collector.csproj", "{F7269A8B-18CD-45ED-9C49-15FA7505C524}"
EndProject
Global
	GlobalSection(SolutionConfigurationPlatforms) = preSolution
		Debug|Any CPU = Debug|Any CPU
		Release|Any CPU = Release|Any CPU
	EndGlobalSection
	GlobalSection(ProjectConfigurationPlatforms) = postSolution
		{895F601E-96BC-4B2D-A3A9-A5B0EAA8953B}.Debug|Any CPU.ActiveCfg = Debug|Any CPU
		{895F601E-96BC-4B2D-A3A9-A5B0EAA8953B}.Debug|Any CPU.Build.0 = Debug|Any CPU
		{895F601E-96BC-4B2D-A3A9-A5B0EAA8953B}.Release|Any CPU.ActiveCfg = Release|Any CPU
		{895F601E-96BC-4B2D-A3A9-A5B0EAA8953B}.Release|Any CPU.Build.0 = Release|Any CPU
		{2C4B172A-B234-468A-9118-22AF32E0AC52}.Debug|Any CPU.ActiveCfg = Debug|Any CPU
		{2C4B172A-B234-468A-9118-22AF32E0AC52}.Debug|Any CPU.Build.0 = Debug|Any CPU
		{2C4B172A-B234-468A-9118-22AF32E0AC52}.Release|Any CPU.ActiveCfg = Release|Any CPU
		{2C4B172A-B234-468A-9118-22AF32E0AC52}.Release|Any CPU.Build.0 = Release|Any CPU
		{97D205DC-01C8-4F6A-8D05-8F8A39FB85B1}.Debug|Any CPU.ActiveCfg = Debug|Any CPU
		{97D205DC-01C8-4F6A-8D05-8F8A39FB85B1}.Debug|Any CPU.Build.0 = Debug|Any CPU
		{97D205DC-01C8-4F6A-8D05-8F8A39FB85B1}.Release|Any CPU.ActiveCfg = Release|Any CPU
		{97D205DC-01C8-4F6A-8D05-8F8A39FB85B1}.Release|Any CPU.Build.0 = Release|Any CPU
		{F7269A8B-18CD-45ED-9C49-15FA7505C524}.Debug|Any CPU.ActiveCfg = Debug|Any CPU
		{F7269A8B-18CD-45ED-9C49-15FA7505C524}.Debug|Any CPU.Build.0 = Debug|Any CPU
		{F7269A8B-18CD-45ED-9C49-15FA7505C524}.Release|Any CPU.ActiveCfg = Release|Any CPU
		{F7269A8B-18CD-45ED-9C49-15FA7505C524}.Release|Any CPU.Build.0 = Release|Any CPU
	EndGlobalSection
	GlobalSection(SolutionProperties) = preSolution
		HideSolutionNode = FALSE
	EndGlobalSection
	GlobalSection(ExtensibilityGlobals) = postSolution
		SolutionGuid = {487191C9-1974-495D-B7FC-DB013A19B946}
	EndGlobalSection
EndGlobal
